<?xml version="1.0" encoding="utf-8"?>
<Project ToolsVersion="Current" xmlns="http://schemas.microsoft.com/developer/msbuild/2003">
  <ItemGroup>
    <ClCompile Include="src\vendor\imgui\imgui.cpp" />
    <ClCompile Include="src\vendor\imgui\imgui_demo.cpp" />
    <ClCompile Include="src\vendor\imgui\imgui_draw.cpp" />
    <ClCompile Include="src\vendor\imgui\imgui_impl_glfw.cpp" />
    <ClCompile Include="src\vendor\imgui\imgui_impl_opengl3.cpp" />
    <ClCompile Include="src\vendor\imgui\imgui_tables.cpp" />
    <ClCompile Include="src\vendor\imgui\imgui_widgets.cpp" />
    <ClCompile Include="src\vendor\stb_image\stb_image.cpp" />
    <ClCompile Include="src\vendor\implot\implot.cpp" />
    <ClCompile Include="src\vendor\implot\implot_items.cpp" />
    <ClCompile Include="src\vendor\implot\implot_demo.cpp" />
    <ClCompile Include="src\main.cpp" />
    <ClCompile Include="src\serial\SerialPort.cpp" />
    <ClCompile Include="src\serial\SerialDevice.cpp" />
    <ClCompile Include="src\plotting\RealTimePlot.cpp" />
    <ClCompile Include="include\Graphics.h" />
    <ClCompile Include="src\serial\DeviceManager.cpp" />
    <ClCompile Include="src\serial\DeviceComponent.cpp" />
    <ClCompile Include="src\plotting\Logger.cpp" />
    <ClCompile Include="src\plotting\ScrollingBuffer.cpp" />
    <ClCompile Include="src\plotting\RollingBuffer.cpp" />
  </ItemGroup>
  <ItemGroup>
    <ClInclude Include="include\GLFW\glfw3.h" />
    <ClInclude Include="include\GLFW\glfw3native.h" />
    <ClInclude Include="include\GL\eglew.h" />
    <ClInclude Include="include\GL\glew.h" />
    <ClInclude Include="include\GL\glxew.h" />
    <ClInclude Include="include\GL\wglew.h" />
    <ClInclude Include="src\vendor\imgui\imconfig.h" />
    <ClInclude Include="src\vendor\imgui\imgui.h" />
    <ClInclude Include="src\vendor\imgui\imgui_impl_glfw.h" />
    <ClInclude Include="src\vendor\imgui\imgui_impl_opengl3.h" />
    <ClInclude Include="src\vendor\imgui\imgui_impl_opengl3_loader.h" />
    <ClInclude Include="src\vendor\imgui\imgui_internal.h" />
    <ClInclude Include="src\vendor\imgui\imstb_rectpack.h" />
    <ClInclude Include="src\vendor\imgui\imstb_textedit.h" />
    <ClInclude Include="src\vendor\imgui\imstb_truetype.h" />
    <ClInclude Include="src\vendor\stb_image\stb_image.h" />
    <ClInclude Include="src\vendor\implot\implot.h" />
    <ClInclude Include="src\vendor\implot\implot_internal.h" />
    <ClInclude Include="include\serial\SerialPort.h" />
    <ClInclude Include="include\plotting\RealTimePlot.h" />
    <ClInclude Include="include\serial\SerialDevice.h" />
    <ClInclude Include="include\windows\Window.h" />
    <ClInclude Include="include\windows\SerialPlotterWindow.h" />
    <ClInclude Include="include\windows\DemoWindow.h" />
    <ClInclude Include="include\menus\Menu.h" />
    <ClInclude Include="include\windows\MainMenuWindow.h" />
    <ClInclude Include="include\plotting\Logger.h" />
    <ClInclude Include="include\serial\DeviceManager.h" />
    <ClInclude Include="include\RTPlotVars.h" />
    <ClInclude Include="include\serial\DeviceComponent.h" />
    <ClInclude Include="include\plotting\ScrollingBuffer.h" />
    <ClInclude Include="include\plotting\RollingBuffer.h" />
  </ItemGroup>
  <ItemGroup>
    <Library Include="lib\glew32s.lib" />
    <Library Include="lib\glfw3.lib" />
  </ItemGroup>
  <ItemGroup>
    <Image Include="res\textures\test.png" />
    <Image Include="res\logos\RTPlot.png" />
  </ItemGroup>
  <ItemGroup>
    <None Include=".gitignore" />
    <None Include="imgui.ini" />
    <None Include="LICENSE" />
    <None Include="README.md" />
    <None Include="res\shaders\Basic.shader" />
    <None Include="ClassDiagram.cd" />
  </ItemGroup>
</Project>